
Microsoft Visual Studio Solution File, Format Version 12.00
# Visual Studio Version 17
VisualStudioVersion = 17.11.35208.52
MinimumVisualStudioVersion = 10.0.40219.1
Project("{FAE04EC0-301F-11D3-BF4B-00C04F79EFBC}") = "OOPDay2", "OOPDay2\OOPDay2.csproj", "{E6C639B1-F66F-4F4F-BB9D-ECAC36B8932F}"
EndProject
Project("{FAE04EC0-301F-11D3-BF4B-00C04F79EFBC}") = "ClassLibrary1", "ClassLibrary1\ClassLibrary1.csproj", "{139AD3DA-10C4-461A-8BB6-FC109A39B4A0}"
EndProject
Global
	GlobalSection(SolutionConfigurationPlatforms) = preSolution
		Debug|Any CPU = Debug|Any CPU
		Release|Any CPU = Release|Any CPU
	EndGlobalSection
	GlobalSection(ProjectConfigurationPlatforms) = postSolution
		{E6C639B1-F66F-4F4F-BB9D-ECAC36B8932F}.Debug|Any CPU.ActiveCfg = Debug|Any CPU
		{E6C639B1-F66F-4F4F-BB9D-ECAC36B8932F}.Debug|Any CPU.Build.0 = Debug|Any CPU
		{E6C639B1-F66F-4F4F-BB9D-ECAC36B8932F}.Release|Any CPU.ActiveCfg = Release|Any CPU
		{E6C639B1-F66F-4F4F-BB9D-ECAC36B8932F}.Release|Any CPU.Build.0 = Release|Any CPU
		{139AD3DA-10C4-461A-8BB6-FC109A39B4A0}.Debug|Any CPU.ActiveCfg = Debug|Any CPU
		{139AD3DA-10C4-461A-8BB6-FC109A39B4A0}.Debug|Any CPU.Build.0 = Debug|Any CPU
		{139AD3DA-10C4-461A-8BB6-FC109A39B4A0}.Release|Any CPU.ActiveCfg = Release|Any CPU
		{139AD3DA-10C4-461A-8BB6-FC109A39B4A0}.Release|Any CPU.Build.0 = Release|Any CPU
	EndGlobalSection
	GlobalSection(SolutionProperties) = preSolution
		HideSolutionNode = FALSE
	EndGlobalSection
	GlobalSection(ExtensibilityGlobals) = postSolution
		SolutionGuid = {2434C82A-C66E-4E58-BF77-FB38D8D79FCD}
	EndGlobalSection
EndGlobal
